
Microsoft Visual Studio Solution File, Format Version 12.00
# Visual Studio 15
VisualStudioVersion = 15.0.28307.645
MinimumVisualStudioVersion = 10.0.40219.1
Project("{FAE04EC0-301F-11D3-BF4B-00C04F79EFBC}") = "AssetManagement", "AssetManagement\AssetManagement.csproj", "{60768DB5-F62B-4770-A8C0-3B8A24809B39}"
EndProject
Project("{9A19103F-16F7-4668-BE54-9A1E7A4F7556}") = "Entities", "Entities\Entities.csproj", "{3F431D37-F7CE-46CB-A3ED-F2D7858F259B}"
EndProject
Project("{FAE04EC0-301F-11D3-BF4B-00C04F79EFBC}") = "Common.Net46", "Common.Net46\Common.Net46.csproj", "{715DE5D3-05C1-4303-8DA3-9C660DE2437A}"
EndProject
Project("{9A19103F-16F7-4668-BE54-9A1E7A4F7556}") = "Infrastructure", "Infrastructure\Infrastructure.csproj", "{4F5958B1-C6DB-44E9-B565-CCE3E4E07763}"
EndProject
Project("{FAE04EC0-301F-11D3-BF4B-00C04F79EFBC}") = "DatabaseAccess", "DatabaseAccess\DatabaseAccess.csproj", "{0AABC3BE-CDFB-4B9C-B3C0-48A425BEA439}"
EndProject
Global
	GlobalSection(SolutionConfigurationPlatforms) = preSolution
		Debug|Any CPU = Debug|Any CPU
		Release|Any CPU = Release|Any CPU
	EndGlobalSection
	GlobalSection(ProjectConfigurationPlatforms) = postSolution
		{60768DB5-F62B-4770-A8C0-3B8A24809B39}.Debug|Any CPU.ActiveCfg = Debug|Any CPU
		{60768DB5-F62B-4770-A8C0-3B8A24809B39}.Debug|Any CPU.Build.0 = Debug|Any CPU
		{60768DB5-F62B-4770-A8C0-3B8A24809B39}.Release|Any CPU.ActiveCfg = Release|Any CPU
		{60768DB5-F62B-4770-A8C0-3B8A24809B39}.Release|Any CPU.Build.0 = Release|Any CPU
		{3F431D37-F7CE-46CB-A3ED-F2D7858F259B}.Debug|Any CPU.ActiveCfg = Debug|Any CPU
		{3F431D37-F7CE-46CB-A3ED-F2D7858F259B}.Debug|Any CPU.Build.0 = Debug|Any CPU
		{3F431D37-F7CE-46CB-A3ED-F2D7858F259B}.Release|Any CPU.ActiveCfg = Release|Any CPU
		{3F431D37-F7CE-46CB-A3ED-F2D7858F259B}.Release|Any CPU.Build.0 = Release|Any CPU
		{715DE5D3-05C1-4303-8DA3-9C660DE2437A}.Debug|Any CPU.ActiveCfg = Debug|Any CPU
		{715DE5D3-05C1-4303-8DA3-9C660DE2437A}.Debug|Any CPU.Build.0 = Debug|Any CPU
		{715DE5D3-05C1-4303-8DA3-9C660DE2437A}.Release|Any CPU.ActiveCfg = Release|Any CPU
		{715DE5D3-05C1-4303-8DA3-9C660DE2437A}.Release|Any CPU.Build.0 = Release|Any CPU
		{4F5958B1-C6DB-44E9-B565-CCE3E4E07763}.Debug|Any CPU.ActiveCfg = Debug|Any CPU
		{4F5958B1-C6DB-44E9-B565-CCE3E4E07763}.Debug|Any CPU.Build.0 = Debug|Any CPU
		{4F5958B1-C6DB-44E9-B565-CCE3E4E07763}.Release|Any CPU.ActiveCfg = Release|Any CPU
		{4F5958B1-C6DB-44E9-B565-CCE3E4E07763}.Release|Any CPU.Build.0 = Release|Any CPU
		{0AABC3BE-CDFB-4B9C-B3C0-48A425BEA439}.Debug|Any CPU.ActiveCfg = Debug|Any CPU
		{0AABC3BE-CDFB-4B9C-B3C0-48A425BEA439}.Debug|Any CPU.Build.0 = Debug|Any CPU
		{0AABC3BE-CDFB-4B9C-B3C0-48A425BEA439}.Release|Any CPU.ActiveCfg = Release|Any CPU
		{0AABC3BE-CDFB-4B9C-B3C0-48A425BEA439}.Release|Any CPU.Build.0 = Release|Any CPU
	EndGlobalSection
	GlobalSection(SolutionProperties) = preSolution
		HideSolutionNode = FALSE
	EndGlobalSection
	GlobalSection(ExtensibilityGlobals) = postSolution
		SolutionGuid = {B9D02026-4B6A-4E75-BE2E-FEFAF8538408}
	EndGlobalSection
EndGlobal
